
Microsoft Visual Studio Solution File, Format Version 12.00
# Visual Studio Version 16
VisualStudioVersion = 16.0.30717.126
MinimumVisualStudioVersion = 10.0.40219.1
Project("{FAE04EC0-301F-11D3-BF4B-00C04F79EFBC}") = "PhoneContacts", "PhoneContacts.csproj", "{065C108B-E5E4-45FC-8189-469B8DD92188}"
EndProject
Global
	GlobalSection(SolutionConfigurationPlatforms) = preSolution
		Debug|Any CPU = Debug|Any CPU
		Release|Any CPU = Release|Any CPU
	EndGlobalSection
	GlobalSection(ProjectConfigurationPlatforms) = postSolution
		{065C108B-E5E4-45FC-8189-469B8DD92188}.Debug|Any CPU.ActiveCfg = Debug|Any CPU
		{065C108B-E5E4-45FC-8189-469B8DD92188}.Debug|Any CPU.Build.0 = Debug|Any CPU
		{065C108B-E5E4-45FC-8189-469B8DD92188}.Release|Any CPU.ActiveCfg = Release|Any CPU
		{065C108B-E5E4-45FC-8189-469B8DD92188}.Release|Any CPU.Build.0 = Release|Any CPU
	EndGlobalSection
	GlobalSection(SolutionProperties) = preSolution
		HideSolutionNode = FALSE
	EndGlobalSection
	GlobalSection(ExtensibilityGlobals) = postSolution
		SolutionGuid = {2A4F2D96-6BC1-4CC5-8D36-529716D5CD2F}
	EndGlobalSection
EndGlobal
